
Microsoft Visual Studio Solution File, Format Version 12.00
# Visual Studio 15
VisualStudioVersion = 15.0.27428.2015
MinimumVisualStudioVersion = 10.0.40219.1
Project("{FAE04EC0-301F-11D3-BF4B-00C04F79EFBC}") = "Maskoram", "Maskoram\Maskoram.csproj", "{86D69448-2F23-4E1E-8AAE-18EE4961B44C}"
EndProject
Project("{FAE04EC0-301F-11D3-BF4B-00C04F79EFBC}") = "Maskoram.Tests", "Maskoram.Tests\Maskoram.Tests.csproj", "{12E3387F-47BF-4E49-A6AF-652866243465}"
EndProject
Global
	GlobalSection(SolutionConfigurationPlatforms) = preSolution
		Debug|Any CPU = Debug|Any CPU
		Release|Any CPU = Release|Any CPU
	EndGlobalSection
	GlobalSection(ProjectConfigurationPlatforms) = postSolution
		{86D69448-2F23-4E1E-8AAE-18EE4961B44C}.Debug|Any CPU.ActiveCfg = Debug|Any CPU
		{86D69448-2F23-4E1E-8AAE-18EE4961B44C}.Debug|Any CPU.Build.0 = Debug|Any CPU
		{86D69448-2F23-4E1E-8AAE-18EE4961B44C}.Release|Any CPU.ActiveCfg = Release|Any CPU
		{86D69448-2F23-4E1E-8AAE-18EE4961B44C}.Release|Any CPU.Build.0 = Release|Any CPU
		{12E3387F-47BF-4E49-A6AF-652866243465}.Debug|Any CPU.ActiveCfg = Debug|Any CPU
		{12E3387F-47BF-4E49-A6AF-652866243465}.Debug|Any CPU.Build.0 = Debug|Any CPU
		{12E3387F-47BF-4E49-A6AF-652866243465}.Release|Any CPU.ActiveCfg = Release|Any CPU
		{12E3387F-47BF-4E49-A6AF-652866243465}.Release|Any CPU.Build.0 = Release|Any CPU
	EndGlobalSection
	GlobalSection(SolutionProperties) = preSolution
		HideSolutionNode = FALSE
	EndGlobalSection
	GlobalSection(ExtensibilityGlobals) = postSolution
		SolutionGuid = {2541AB30-CF3B-4C64-8479-ABD9110BB5BA}
	EndGlobalSection
EndGlobal
